
Microsoft Visual Studio Solution File, Format Version 12.00
# Visual Studio Version 16
VisualStudioVersion = 16.0.31129.286
MinimumVisualStudioVersion = 10.0.40219.1
Project("{8BC9CEB8-8B4A-11D0-8D11-00A0C91BC942}") = "befoo", "befoo.vcxproj", "{D82E3F1A-2543-41FC-8388-BCEBB710A614}"
EndProject
Project("{8BC9CEB8-8B4A-11D0-8D11-00A0C91BC942}") = "extend", "extend.vcxproj", "{BFDE788B-D681-4F39-98E2-E4686391BD4D}"
EndProject
Project("{8BC9CEB8-8B4A-11D0-8D11-00A0C91BC942}") = "icons", "icons.vcxproj", "{7200AD75-CA09-46D9-B54C-AE7C542986D5}"
EndProject
Global
	GlobalSection(SolutionConfigurationPlatforms) = preSolution
		Debug|Win32 = Debug|Win32
		Debug|x64 = Debug|x64
		Icons|Win32 = Icons|Win32
		Icons|x64 = Icons|x64
		Release|Win32 = Release|Win32
		Release|x64 = Release|x64
	EndGlobalSection
	GlobalSection(ProjectConfigurationPlatforms) = postSolution
		{D82E3F1A-2543-41FC-8388-BCEBB710A614}.Debug|Win32.ActiveCfg = Debug|Win32
		{D82E3F1A-2543-41FC-8388-BCEBB710A614}.Debug|Win32.Build.0 = Debug|Win32
		{D82E3F1A-2543-41FC-8388-BCEBB710A614}.Debug|x64.ActiveCfg = Debug|x64
		{D82E3F1A-2543-41FC-8388-BCEBB710A614}.Debug|x64.Build.0 = Debug|x64
		{D82E3F1A-2543-41FC-8388-BCEBB710A614}.Icons|Win32.ActiveCfg = Release|Win32
		{D82E3F1A-2543-41FC-8388-BCEBB710A614}.Icons|x64.ActiveCfg = Release|x64
		{D82E3F1A-2543-41FC-8388-BCEBB710A614}.Release|Win32.ActiveCfg = Release|Win32
		{D82E3F1A-2543-41FC-8388-BCEBB710A614}.Release|Win32.Build.0 = Release|Win32
		{D82E3F1A-2543-41FC-8388-BCEBB710A614}.Release|x64.ActiveCfg = Release|x64
		{D82E3F1A-2543-41FC-8388-BCEBB710A614}.Release|x64.Build.0 = Release|x64
		{BFDE788B-D681-4F39-98E2-E4686391BD4D}.Debug|Win32.ActiveCfg = Debug|Win32
		{BFDE788B-D681-4F39-98E2-E4686391BD4D}.Debug|Win32.Build.0 = Debug|Win32
		{BFDE788B-D681-4F39-98E2-E4686391BD4D}.Debug|x64.ActiveCfg = Debug|x64
		{BFDE788B-D681-4F39-98E2-E4686391BD4D}.Debug|x64.Build.0 = Debug|x64
		{BFDE788B-D681-4F39-98E2-E4686391BD4D}.Icons|Win32.ActiveCfg = Release|Win32
		{BFDE788B-D681-4F39-98E2-E4686391BD4D}.Icons|x64.ActiveCfg = Release|x64
		{BFDE788B-D681-4F39-98E2-E4686391BD4D}.Release|Win32.ActiveCfg = Release|Win32
		{BFDE788B-D681-4F39-98E2-E4686391BD4D}.Release|Win32.Build.0 = Release|Win32
		{BFDE788B-D681-4F39-98E2-E4686391BD4D}.Release|x64.ActiveCfg = Release|x64
		{BFDE788B-D681-4F39-98E2-E4686391BD4D}.Release|x64.Build.0 = Release|x64
		{7200AD75-CA09-46D9-B54C-AE7C542986D5}.Debug|Win32.ActiveCfg = Icons|Win32
		{7200AD75-CA09-46D9-B54C-AE7C542986D5}.Debug|x64.ActiveCfg = Icons|x64
		{7200AD75-CA09-46D9-B54C-AE7C542986D5}.Icons|Win32.ActiveCfg = Icons|Win32
		{7200AD75-CA09-46D9-B54C-AE7C542986D5}.Icons|Win32.Build.0 = Icons|Win32
		{7200AD75-CA09-46D9-B54C-AE7C542986D5}.Icons|x64.ActiveCfg = Icons|x64
		{7200AD75-CA09-46D9-B54C-AE7C542986D5}.Icons|x64.Build.0 = Icons|x64
		{7200AD75-CA09-46D9-B54C-AE7C542986D5}.Release|Win32.ActiveCfg = Icons|Win32
		{7200AD75-CA09-46D9-B54C-AE7C542986D5}.Release|x64.ActiveCfg = Icons|x64
	EndGlobalSection
	GlobalSection(SolutionProperties) = preSolution
		HideSolutionNode = FALSE
	EndGlobalSection
	GlobalSection(ExtensibilityGlobals) = postSolution
		SolutionGuid = {A5365862-A8ED-4721-977F-8630D92C1067}
	EndGlobalSection
EndGlobal
